
Microsoft Visual Studio Solution File, Format Version 12.00
# Visual Studio Version 16
VisualStudioVersion = 16.0.31105.61
MinimumVisualStudioVersion = 10.0.40219.1
Project("{FAE04EC0-301F-11D3-BF4B-00C04F79EFBC}") = "ProjectEuler", "ProjectEuler\ProjectEuler.csproj", "{9E5551E9-5275-4DB6-8177-726483DD9359}"
EndProject
Project("{FAE04EC0-301F-11D3-BF4B-00C04F79EFBC}") = "ProjectEulerRunner", "ProjectEulerRunner\ProjectEulerRunner.csproj", "{46D57F2F-5BAB-428E-A26B-413B33BCA13E}"
EndProject
Project("{FAE04EC0-301F-11D3-BF4B-00C04F79EFBC}") = "ProjectEuler.Tests", "ProjectEuler.Tests\ProjectEuler.Tests.csproj", "{B4996533-3DA8-443F-AE68-32CAD8E15F42}"
EndProject
Global
	GlobalSection(SolutionConfigurationPlatforms) = preSolution
		Debug|Any CPU = Debug|Any CPU
		Release|Any CPU = Release|Any CPU
	EndGlobalSection
	GlobalSection(ProjectConfigurationPlatforms) = postSolution
		{9E5551E9-5275-4DB6-8177-726483DD9359}.Debug|Any CPU.ActiveCfg = Debug|Any CPU
		{9E5551E9-5275-4DB6-8177-726483DD9359}.Debug|Any CPU.Build.0 = Debug|Any CPU
		{9E5551E9-5275-4DB6-8177-726483DD9359}.Release|Any CPU.ActiveCfg = Release|Any CPU
		{9E5551E9-5275-4DB6-8177-726483DD9359}.Release|Any CPU.Build.0 = Release|Any CPU
		{46D57F2F-5BAB-428E-A26B-413B33BCA13E}.Debug|Any CPU.ActiveCfg = Debug|Any CPU
		{46D57F2F-5BAB-428E-A26B-413B33BCA13E}.Debug|Any CPU.Build.0 = Debug|Any CPU
		{46D57F2F-5BAB-428E-A26B-413B33BCA13E}.Release|Any CPU.ActiveCfg = Release|Any CPU
		{46D57F2F-5BAB-428E-A26B-413B33BCA13E}.Release|Any CPU.Build.0 = Release|Any CPU
		{B4996533-3DA8-443F-AE68-32CAD8E15F42}.Debug|Any CPU.ActiveCfg = Debug|Any CPU
		{B4996533-3DA8-443F-AE68-32CAD8E15F42}.Debug|Any CPU.Build.0 = Debug|Any CPU
		{B4996533-3DA8-443F-AE68-32CAD8E15F42}.Release|Any CPU.ActiveCfg = Release|Any CPU
		{B4996533-3DA8-443F-AE68-32CAD8E15F42}.Release|Any CPU.Build.0 = Release|Any CPU
	EndGlobalSection
	GlobalSection(SolutionProperties) = preSolution
		HideSolutionNode = FALSE
	EndGlobalSection
	GlobalSection(ExtensibilityGlobals) = postSolution
		SolutionGuid = {884D40E2-BD3D-47DB-BBC4-E80163D7035D}
	EndGlobalSection
EndGlobal
